// !$*UTF8*$!
{
	archiveVersion = 1;
	classes = {
	};
	objectVersion = 48;
	objects = {

/* Begin PBXBuildFile section */
		578D6EC21FD1D14200986035 /* main.m in Sources */ = {isa = PBXBuildFile; fileRef = 578D6EC11FD1D14200986035 /* main.m */; };
		578D6ECD1FD1D1E400986035 /* LinearSearch.m in Sources */ = {isa = PBXBuildFile; fileRef = 578D6ECC1FD1D1E400986035 /* LinearSearch.m */; };
		578D6ED01FD5BFBE00986035 /* BinarySearch.m in Sources */ = {isa = PBXBuildFile; fileRef = 578D6ECF1FD5BFBE00986035 /* BinarySearch.m */; };
		578D6ED31FD5C01A00986035 /* Search.m in Sources */ = {isa = PBXBuildFile; fileRef = 578D6ED21FD5C01A00986035 /* Search.m */; };
/* End PBXBuildFile section */

/* Begin PBXCopyFilesBuildPhase section */
		578D6EBC1FD1D14200986035 /* CopyFiles */ = {
			isa = PBXCopyFilesBuildPhase;
			buildActionMask = 2147483647;
			dstPath = /usr/share/man/man1/;
			dstSubfolderSpec = 0;
			files = (
			);
			runOnlyForDeploymentPostprocessing = 1;
		};
/* End PBXCopyFilesBuildPhase section */

/* Begin PBXFileReference section */
		578D6EBE1FD1D14200986035 /* SearchingAlgorithms */ = {isa = PBXFileReference; explicitFileType = "compiled.mach-o.executable"; includeInIndex = 0; path = SearchingAlgorithms; sourceTree = BUILT_PRODUCTS_DIR; };
		578D6EC11FD1D14200986035 /* main.m */ = {isa = PBXFileReference; lastKnownFileType = sourcecode.c.objc; path = main.m; sourceTree = "<group>"; };
		578D6ECB1FD1D1E400986035 /* LinearSearch.h */ = {isa = PBXFileReference; lastKnownFileType = sourcecode.c.h; path = LinearSearch.h; sourceTree = "<group>"; };
		578D6ECC1FD1D1E400986035 /* LinearSearch.m */ = {isa = PBXFileReference; lastKnownFileType = sourcecode.c.objc; path = LinearSearch.m; sourceTree = "<group>"; };
		578D6ECE1FD5BFBE00986035 /* BinarySearch.h */ = {isa = PBXFileReference; lastKnownFileType = sourcecode.c.h; path = BinarySearch.h; sourceTree = "<group>"; };
		578D6ECF1FD5BFBE00986035 /* BinarySearch.m */ = {isa = PBXFileReference; lastKnownFileType = sourcecode.c.objc; path = BinarySearch.m; sourceTree = "<group>"; };
		578D6ED11FD5C01A00986035 /* Search.h */ = {isa = PBXFileReference; lastKnownFileType = sourcecode.c.h; path = Search.h; sourceTree = "<group>"; };
		578D6ED21FD5C01A00986035 /* Search.m */ = {isa = PBXFileReference; lastKnownFileType = sourcecode.c.objc; path = Search.m; sourceTree = "<group>"; };
/* End PBXFileReference section */

/* Begin PBXFrameworksBuildPhase section */
		578D6EBB1FD1D14200986035 /* Frameworks */ = {
			isa = PBXFrameworksBuildPhase;
			buildActionMask = 2147483647;
			files = (
			);
			runOnlyForDeploymentPostprocessing = 0;
		};
/* End PBXFrameworksBuildPhase section */

/* Begin PBXGroup section */
		578D6EB51FD1D14200986035 = {
			isa = PBXGroup;
			children = (
				578D6EC01FD1D14200986035 /* SearchingAlgorithms */,
				578D6EBF1FD1D14200986035 /* Products */,
			);
			sourceTree = "<group>";
		};
		578D6EBF1FD1D14200986035 /* Products */ = {
			isa = PBXGroup;
			children = (
				578D6EBE1FD1D14200986035 /* SearchingAlgorithms */,
			);
			name = Products;
			sourceTree = "<group>";
		};
		578D6EC01FD1D14200986035 /* SearchingAlgorithms */ = {
			isa = PBXGroup;
			children = (
				578D6EC11FD1D14200986035 /* main.m */,
				578D6ECB1FD1D1E400986035 /* LinearSearch.h */,
				578D6ECC1FD1D1E400986035 /* LinearSearch.m */,
				578D6ECE1FD5BFBE00986035 /* BinarySearch.h */,
				578D6ECF1FD5BFBE00986035 /* BinarySearch.m */,
				578D6ED11FD5C01A00986035 /* Search.h */,
				578D6ED21FD5C01A00986035 /* Search.m */,
			);
			path = SearchingAlgorithms;
			sourceTree = "<group>";
		};
/* End PBXGroup section */

/* Begin PBXNativeTarget section */
		578D6EBD1FD1D14200986035 /* SearchingAlgorithms */ = {
			isa = PBXNativeTarget;
			buildConfigurationList = 578D6EC51FD1D14200986035 /* Build configuration list for PBXNativeTarget "SearchingAlgorithms" */;
			buildPhases = (
				578D6EBA1FD1D14200986035 /* Sources */,
				578D6EBB1FD1D14200986035 /* Frameworks */,
				578D6EBC1FD1D14200986035 /* CopyFiles */,
			);
			buildRules = (
			);
			dependencies = (
			);
			name = SearchingAlgorithms;
			productName = SearchingAlgorithms;
			productReference = 578D6EBE1FD1D14200986035 /* SearchingAlgorithms */;
			productType = "com.apple.product-type.tool";
		};
/* End PBXNativeTarget section */

/* Begin PBXProject section */
		578D6EB61FD1D14200986035 /* Project object */ = {
			isa = PBXProject;
			attributes = {
				LastUpgradeCheck = 0910;
				ORGANIZATIONNAME = YZ;
				TargetAttributes = {
					578D6EBD1FD1D14200986035 = {
						CreatedOnToolsVersion = 9.1;
						ProvisioningStyle = Automatic;
					};
				};
			};
			buildConfigurationList = 578D6EB91FD1D14200986035 /* Build configuration list for PBXProject "SearchingAlgorithms" */;
			compatibilityVersion = "Xcode 8.0";
			developmentRegion = en;
			hasScannedForEncodings = 0;
			knownRegions = (
				en,
			);
			mainGroup = 578D6EB51FD1D14200986035;
			productRefGroup = 578D6EBF1FD1D14200986035 /* Products */;
			projectDirPath = "";
			projectRoot = "";
			targets = (
				578D6EBD1FD1D14200986035 /* SearchingAlgorithms */,
			);
		};
/* End PBXProject section */

/* Begin PBXSourcesBuildPhase section */
		578D6EBA1FD1D14200986035 /* Sources */ = {
			isa = PBXSourcesBuildPhase;
			buildActionMask = 2147483647;
			files = (
				578D6ECD1FD1D1E400986035 /* LinearSearch.m in Sources */,
				578D6ED31FD5C01A00986035 /* Search.m in Sources */,
				578D6ED01FD5BFBE00986035 /* BinarySearch.m in Sources */,
				578D6EC21FD1D14200986035 /* main.m in Sources */,
			);
			runOnlyForDeploymentPostprocessing = 0;
		};
/* End PBXSourcesBuildPhase section */

/* Begin XCBuildConfiguration section */
		578D6EC31FD1D14200986035 /* Debug */ = {
			isa = XCBuildConfiguration;
			buildSettings = {
				ALWAYS_SEARCH_USER_PATHS = NO;
				CLANG_ANALYZER_NONNULL = YES;
				CLANG_ANALYZER_NUMBER_OBJECT_CONVERSION = YES_AGGRESSIVE;
				CLANG_CXX_LANGUAGE_STANDARD = "gnu++14";
				CLANG_CXX_LIBRARY = "libc++";
				CLANG_ENABLE_MODULES = YES;
				CLANG_ENABLE_OBJC_ARC = YES;
				CLANG_WARN_BLOCK_CAPTURE_AUTORELEASING = YES;
				CLANG_WARN_BOOL_CONVERSION = YES;
				CLANG_WARN_COMMA = YES;
				CLANG_WARN_CONSTANT_CONVERSION = YES;
				CLANG_WARN_DIRECT_OBJC_ISA_USAGE = YES_ERROR;
				CLANG_WARN_DOCUMENTATION_COMMENTS = YES;
				CLANG_WARN_EMPTY_BODY = YES;
				CLANG_WARN_ENUM_CONVERSION = YES;
				CLANG_WARN_INFINITE_RECURSION = YES;
				CLANG_WARN_INT_CONVERSION = YES;
				CLANG_WARN_NON_LITERAL_NULL_CONVERSION = YES;
				CLANG_WARN_OBJC_LITERAL_CONVERSION = YES;
				CLANG_WARN_OBJC_ROOT_CLASS = YES_ERROR;
				CLANG_WARN_RANGE_LOOP_ANALYSIS = YES;
				CLANG_WARN_STRICT_PROTOTYPES = YES;
				CLANG_WARN_SUSPICIOUS_MOVE = YES;
				CLANG_WARN_UNGUARDED_AVAILABILITY = YES_AGGRESSIVE;
				CLANG_WARN_UNREACHABLE_CODE = YES;
				CLANG_WARN__DUPLICATE_METHOD_MATCH = YES;
				CODE_SIGN_IDENTITY = "-";
				COPY_PHASE_STRIP = NO;
				DEBUG_INFORMATION_FORMAT = dwarf;
				ENABLE_STRICT_OBJC_MSGSEND = YES;
				ENABLE_TESTABILITY = YES;
				GCC_C_LANGUAGE_STANDARD = gnu11;
				GCC_DYNAMIC_NO_PIC = NO;
				GCC_NO_COMMON_BLOCKS = YES;
				GCC_OPTIMIZATION_LEVEL = 0;
				GCC_PREPROCESSOR_DEFINITIONS = (
					"DEBUG=1",
					"$(inherited)",
				);
				GCC_WARN_64_TO_32_BIT_CONVERSION = YES;
				GCC_WARN_ABOUT_RETURN_TYPE = YES_ERROR;
				GCC_WARN_UNDECLARED_SELECTOR = YES;
				GCC_WARN_UNINITIALIZED_AUTOS = YES_AGGRESSIVE;
				GCC_WARN_UNUSED_FUNCTION = YES;
				GCC_WARN_UNUSED_VARIABLE = YES;
				MACOSX_DEPLOYMENT_TARGET = 10.13;
				MTL_ENABLE_DEBUG_INFO = YES;
				ONLY_ACTIVE_ARCH = YES;
				SDKROOT = macosx;
			};
			name = Debug;
		};
		578D6EC41FD1D14200986035 /* Release */ = {
			isa = XCBuildConfiguration;
			buildSettings = {
				ALWAYS_SEARCH_USER_PATHS = NO;
				CLANG_ANALYZER_NONNULL = YES;
				CLANG_ANALYZER_NUMBER_OBJECT_CONVERSION = YES_AGGRESSIVE;
				CLANG_CXX_LANGUAGE_STANDARD = "gnu++14";
				CLANG_CXX_LIBRARY = "libc++";
				CLANG_ENABLE_MODULES = YES;
				CLANG_ENABLE_OBJC_ARC = YES;
				CLANG_WARN_BLOCK_CAPTURE_AUTORELEASING = YES;
				CLANG_WARN_BOOL_CONVERSION = YES;
				CLANG_WARN_COMMA = YES;
				CLANG_WARN_CONSTANT_CONVERSION = YES;
				CLANG_WARN_DIRECT_OBJC_ISA_USAGE = YES_ERROR;
				CLANG_WARN_DOCUMENTATION_COMMENTS = YES;
				CLANG_WARN_EMPTY_BODY = YES;
				CLANG_WARN_ENUM_CONVERSION = YES;
				CLANG_WARN_INFINITE_RECURSION = YES;
				CLANG_WARN_INT_CONVERSION = YES;
				CLANG_WARN_NON_LITERAL_NULL_CONVERSION = YES;
				CLANG_WARN_OBJC_LITERAL_CONVERSION = YES;
				CLANG_WARN_OBJC_ROOT_CLASS = YES_ERROR;
				CLANG_WARN_RANGE_LOOP_ANALYSIS = YES;
				CLANG_WARN_STRICT_PROTOTYPES = YES;
				CLANG_WARN_SUSPICIOUS_MOVE = YES;
				CLANG_WARN_UNGUARDED_AVAILABILITY = YES_AGGRESSIVE;
				CLANG_WARN_UNREACHABLE_CODE = YES;
				CLANG_WARN__DUPLICATE_METHOD_MATCH = YES;
				CODE_SIGN_IDENTITY = "-";
				COPY_PHASE_STRIP = NO;
				DEBUG_INFORMATION_FORMAT = "dwarf-with-dsym";
				ENABLE_NS_ASSERTIONS = NO;
				ENABLE_STRICT_OBJC_MSGSEND = YES;
				GCC_C_LANGUAGE_STANDARD = gnu11;
				GCC_NO_COMMON_BLOCKS = YES;
				GCC_WARN_64_TO_32_BIT_CONVERSION = YES;
				GCC_WARN_ABOUT_RETURN_TYPE = YES_ERROR;
				GCC_WARN_UNDECLARED_SELECTOR = YES;
				GCC_WARN_UNINITIALIZED_AUTOS = YES_AGGRESSIVE;
				GCC_WARN_UNUSED_FUNCTION = YES;
				GCC_WARN_UNUSED_VARIABLE = YES;
				MACOSX_DEPLOYMENT_TARGET = 10.13;
				MTL_ENABLE_DEBUG_INFO = NO;
				SDKROOT = macosx;
			};
			name = Release;
		};
		578D6EC61FD1D14200986035 /* Debug */ = {
			isa = XCBuildConfiguration;
			buildSettings = {
				CODE_SIGN_STYLE = Automatic;
				PRODUCT_NAME = "$(TARGET_NAME)";
			};
			name = Debug;
		};
		578D6EC71FD1D14200986035 /* Release */ = {
			isa = XCBuildConfiguration;
			buildSettings = {
				CODE_SIGN_STYLE = Automatic;
				PRODUCT_NAME = "$(TARGET_NAME)";
			};
			name = Release;
		};
/* End XCBuildConfiguration section */

/* Begin XCConfigurationList section */
		578D6EB91FD1D14200986035 /* Build configuration list for PBXProject "SearchingAlgorithms" */ = {
			isa = XCConfigurationList;
			buildConfigurations = (
				578D6EC31FD1D14200986035 /* Debug */,
				578D6EC41FD1D14200986035 /* Release */,
			);
			defaultConfigurationIsVisible = 0;
			defaultConfigurationName = Release;
		};
		578D6EC51FD1D14200986035 /* Build configuration list for PBXNativeTarget "SearchingAlgorithms" */ = {
			isa = XCConfigurationList;
			buildConfigurations = (
				578D6EC61FD1D14200986035 /* Debug */,
				578D6EC71FD1D14200986035 /* Release */,
			);
			defaultConfigurationIsVisible = 0;
			defaultConfigurationName = Release;
		};
/* End XCConfigurationList section */
	};
	rootObject = 578D6EB61FD1D14200986035 /* Project object */;
}
